<Solution>
  <Folder Name="/Itens de Solução/">
    <File Path="docker-compose.yml" />
  </Folder>
  <Project Path="src/Estudos.Microsservices.Consumer/Estudos.Microsservices.Consumer.csproj" />
  <Project Path="src/Estudos.Microsservices.Contratos/Estudos.Microsservices.Contratos.csproj" />
  <Project Path="src/WebApi/WebApi.csproj" />
</Solution>
